// !$*UTF8*$!
{
	archiveVersion = 1;
	classes = {
	};
	objectVersion = 46;
	objects = {

/* Begin PBXBuildFile section */
		4308AD4F1B79B89100018030 /* main.m in Sources */ = {isa = PBXBuildFile; fileRef = 4308AD4E1B79B89100018030 /* main.m */; };
		4308AD521B79B89100018030 /* AppDelegate.m in Sources */ = {isa = PBXBuildFile; fileRef = 4308AD511B79B89100018030 /* AppDelegate.m */; };
		4308AD581B79B89100018030 /* Main.storyboard in Resources */ = {isa = PBXBuildFile; fileRef = 4308AD561B79B89100018030 /* Main.storyboard */; };
		4308AD5A1B79B89100018030 /* Images.xcassets in Resources */ = {isa = PBXBuildFile; fileRef = 4308AD591B79B89100018030 /* Images.xcassets */; };
		4308AD5D1B79B89100018030 /* LaunchScreen.xib in Resources */ = {isa = PBXBuildFile; fileRef = 4308AD5B1B79B89100018030 /* LaunchScreen.xib */; };
		4308AD691B79B89100018030 /* CoffeeFindrTests.m in Sources */ = {isa = PBXBuildFile; fileRef = 4308AD681B79B89100018030 /* CoffeeFindrTests.m */; };
		4308AD741B79B8E800018030 /* ListViewController.m in Sources */ = {isa = PBXBuildFile; fileRef = 4308AD731B79B8E800018030 /* ListViewController.m */; };
		4308AD761B79B92A00018030 /* CoreLocation.framework in Frameworks */ = {isa = PBXBuildFile; fileRef = 4308AD751B79B92A00018030 /* CoreLocation.framework */; };
		4308AD781B79B93000018030 /* MapKit.framework in Frameworks */ = {isa = PBXBuildFile; fileRef = 4308AD771B79B93000018030 /* MapKit.framework */; };
		4308AD7B1B79C0CD00018030 /* CoffeePlace.m in Sources */ = {isa = PBXBuildFile; fileRef = 4308AD7A1B79C0CD00018030 /* CoffeePlace.m */; };
		437E74F01B7BF7BD00DEE52E /* DetailViewController.m in Sources */ = {isa = PBXBuildFile; fileRef = 437E74EF1B7BF7BD00DEE52E /* DetailViewController.m */; };
/* End PBXBuildFile section */

/* Begin PBXContainerItemProxy section */
		4308AD631B79B89100018030 /* PBXContainerItemProxy */ = {
			isa = PBXContainerItemProxy;
			containerPortal = 4308AD411B79B89100018030 /* Project object */;
			proxyType = 1;
			remoteGlobalIDString = 4308AD481B79B89100018030;
			remoteInfo = CoffeeFindr;
		};
/* End PBXContainerItemProxy section */

/* Begin PBXFileReference section */
		4308AD491B79B89100018030 /* CoffeeFindr.app */ = {isa = PBXFileReference; explicitFileType = wrapper.application; includeInIndex = 0; path = CoffeeFindr.app; sourceTree = BUILT_PRODUCTS_DIR; };
		4308AD4D1B79B89100018030 /* Info.plist */ = {isa = PBXFileReference; lastKnownFileType = text.plist.xml; path = Info.plist; sourceTree = "<group>"; };
		4308AD4E1B79B89100018030 /* main.m */ = {isa = PBXFileReference; lastKnownFileType = sourcecode.c.objc; path = main.m; sourceTree = "<group>"; };
		4308AD501B79B89100018030 /* AppDelegate.h */ = {isa = PBXFileReference; lastKnownFileType = sourcecode.c.h; path = AppDelegate.h; sourceTree = "<group>"; };
		4308AD511B79B89100018030 /* AppDelegate.m */ = {isa = PBXFileReference; lastKnownFileType = sourcecode.c.objc; path = AppDelegate.m; sourceTree = "<group>"; };
		4308AD571B79B89100018030 /* Base */ = {isa = PBXFileReference; lastKnownFileType = file.storyboard; name = Base; path = Base.lproj/Main.storyboard; sourceTree = "<group>"; };
		4308AD591B79B89100018030 /* Images.xcassets */ = {isa = PBXFileReference; lastKnownFileType = folder.assetcatalog; path = Images.xcassets; sourceTree = "<group>"; };
		4308AD5C1B79B89100018030 /* Base */ = {isa = PBXFileReference; lastKnownFileType = file.xib; name = Base; path = Base.lproj/LaunchScreen.xib; sourceTree = "<group>"; };
		4308AD621B79B89100018030 /* CoffeeFindrTests.xctest */ = {isa = PBXFileReference; explicitFileType = wrapper.cfbundle; includeInIndex = 0; path = CoffeeFindrTests.xctest; sourceTree = BUILT_PRODUCTS_DIR; };
		4308AD671B79B89100018030 /* Info.plist */ = {isa = PBXFileReference; lastKnownFileType = text.plist.xml; path = Info.plist; sourceTree = "<group>"; };
		4308AD681B79B89100018030 /* CoffeeFindrTests.m */ = {isa = PBXFileReference; lastKnownFileType = sourcecode.c.objc; path = CoffeeFindrTests.m; sourceTree = "<group>"; };
		4308AD721B79B8E800018030 /* ListViewController.h */ = {isa = PBXFileReference; fileEncoding = 4; lastKnownFileType = sourcecode.c.h; path = ListViewController.h; sourceTree = "<group>"; };
		4308AD731B79B8E800018030 /* ListViewController.m */ = {isa = PBXFileReference; fileEncoding = 4; lastKnownFileType = sourcecode.c.objc; path = ListViewController.m; sourceTree = "<group>"; };
		4308AD751B79B92A00018030 /* CoreLocation.framework */ = {isa = PBXFileReference; lastKnownFileType = wrapper.framework; name = CoreLocation.framework; path = System/Library/Frameworks/CoreLocation.framework; sourceTree = SDKROOT; };
		4308AD771B79B93000018030 /* MapKit.framework */ = {isa = PBXFileReference; lastKnownFileType = wrapper.framework; name = MapKit.framework; path = System/Library/Frameworks/MapKit.framework; sourceTree = SDKROOT; };
		4308AD791B79C0CD00018030 /* CoffeePlace.h */ = {isa = PBXFileReference; fileEncoding = 4; lastKnownFileType = sourcecode.c.h; path = CoffeePlace.h; sourceTree = "<group>"; };
		4308AD7A1B79C0CD00018030 /* CoffeePlace.m */ = {isa = PBXFileReference; fileEncoding = 4; lastKnownFileType = sourcecode.c.objc; path = CoffeePlace.m; sourceTree = "<group>"; };
		437E74EE1B7BF7BD00DEE52E /* DetailViewController.h */ = {isa = PBXFileReference; fileEncoding = 4; lastKnownFileType = sourcecode.c.h; path = DetailViewController.h; sourceTree = "<group>"; };
		437E74EF1B7BF7BD00DEE52E /* DetailViewController.m */ = {isa = PBXFileReference; fileEncoding = 4; lastKnownFileType = sourcecode.c.objc; path = DetailViewController.m; sourceTree = "<group>"; };
/* End PBXFileReference section */

/* Begin PBXFrameworksBuildPhase section */
		4308AD461B79B89100018030 /* Frameworks */ = {
			isa = PBXFrameworksBuildPhase;
			buildActionMask = 2147483647;
			files = (
				4308AD781B79B93000018030 /* MapKit.framework in Frameworks */,
				4308AD761B79B92A00018030 /* CoreLocation.framework in Frameworks */,
			);
			runOnlyForDeploymentPostprocessing = 0;
		};
		4308AD5F1B79B89100018030 /* Frameworks */ = {
			isa = PBXFrameworksBuildPhase;
			buildActionMask = 2147483647;
			files = (
			);
			runOnlyForDeploymentPostprocessing = 0;
		};
/* End PBXFrameworksBuildPhase section */

/* Begin PBXGroup section */
		4308AD401B79B89100018030 = {
			isa = PBXGroup;
			children = (
				4308AD771B79B93000018030 /* MapKit.framework */,
				4308AD751B79B92A00018030 /* CoreLocation.framework */,
				4308AD4B1B79B89100018030 /* CoffeeFindr */,
				4308AD651B79B89100018030 /* CoffeeFindrTests */,
				4308AD4A1B79B89100018030 /* Products */,
			);
			sourceTree = "<group>";
		};
		4308AD4A1B79B89100018030 /* Products */ = {
			isa = PBXGroup;
			children = (
				4308AD491B79B89100018030 /* CoffeeFindr.app */,
				4308AD621B79B89100018030 /* CoffeeFindrTests.xctest */,
			);
			name = Products;
			sourceTree = "<group>";
		};
		4308AD4B1B79B89100018030 /* CoffeeFindr */ = {
			isa = PBXGroup;
			children = (
				4308AD501B79B89100018030 /* AppDelegate.h */,
				4308AD511B79B89100018030 /* AppDelegate.m */,
				4308AD721B79B8E800018030 /* ListViewController.h */,
				4308AD731B79B8E800018030 /* ListViewController.m */,
				437E74EE1B7BF7BD00DEE52E /* DetailViewController.h */,
				437E74EF1B7BF7BD00DEE52E /* DetailViewController.m */,
				4308AD791B79C0CD00018030 /* CoffeePlace.h */,
				4308AD7A1B79C0CD00018030 /* CoffeePlace.m */,
				4308AD561B79B89100018030 /* Main.storyboard */,
				4308AD591B79B89100018030 /* Images.xcassets */,
				4308AD5B1B79B89100018030 /* LaunchScreen.xib */,
				4308AD4C1B79B89100018030 /* Supporting Files */,
			);
			path = CoffeeFindr;
			sourceTree = "<group>";
		};
		4308AD4C1B79B89100018030 /* Supporting Files */ = {
			isa = PBXGroup;
			children = (
				4308AD4D1B79B89100018030 /* Info.plist */,
				4308AD4E1B79B89100018030 /* main.m */,
			);
			name = "Supporting Files";
			sourceTree = "<group>";
		};
		4308AD651B79B89100018030 /* CoffeeFindrTests */ = {
			isa = PBXGroup;
			children = (
				4308AD681B79B89100018030 /* CoffeeFindrTests.m */,
				4308AD661B79B89100018030 /* Supporting Files */,
			);
			path = CoffeeFindrTests;
			sourceTree = "<group>";
		};
		4308AD661B79B89100018030 /* Supporting Files */ = {
			isa = PBXGroup;
			children = (
				4308AD671B79B89100018030 /* Info.plist */,
			);
			name = "Supporting Files";
			sourceTree = "<group>";
		};
/* End PBXGroup section */

/* Begin PBXNativeTarget section */
		4308AD481B79B89100018030 /* CoffeeFindr */ = {
			isa = PBXNativeTarget;
			buildConfigurationList = 4308AD6C1B79B89100018030 /* Build configuration list for PBXNativeTarget "CoffeeFindr" */;
			buildPhases = (
				4308AD451B79B89100018030 /* Sources */,
				4308AD461B79B89100018030 /* Frameworks */,
				4308AD471B79B89100018030 /* Resources */,
			);
			buildRules = (
			);
			dependencies = (
			);
			name = CoffeeFindr;
			productName = CoffeeFindr;
			productReference = 4308AD491B79B89100018030 /* CoffeeFindr.app */;
			productType = "com.apple.product-type.application";
		};
		4308AD611B79B89100018030 /* CoffeeFindrTests */ = {
			isa = PBXNativeTarget;
			buildConfigurationList = 4308AD6F1B79B89100018030 /* Build configuration list for PBXNativeTarget "CoffeeFindrTests" */;
			buildPhases = (
				4308AD5E1B79B89100018030 /* Sources */,
				4308AD5F1B79B89100018030 /* Frameworks */,
				4308AD601B79B89100018030 /* Resources */,
			);
			buildRules = (
			);
			dependencies = (
				4308AD641B79B89100018030 /* PBXTargetDependency */,
			);
			name = CoffeeFindrTests;
			productName = CoffeeFindrTests;
			productReference = 4308AD621B79B89100018030 /* CoffeeFindrTests.xctest */;
			productType = "com.apple.product-type.bundle.unit-test";
		};
/* End PBXNativeTarget section */

/* Begin PBXProject section */
		4308AD411B79B89100018030 /* Project object */ = {
			isa = PBXProject;
			attributes = {
				LastUpgradeCheck = 0640;
				ORGANIZATIONNAME = "Kellen Pierson";
				TargetAttributes = {
					4308AD481B79B89100018030 = {
						CreatedOnToolsVersion = 6.4;
					};
					4308AD611B79B89100018030 = {
						CreatedOnToolsVersion = 6.4;
						TestTargetID = 4308AD481B79B89100018030;
					};
				};
			};
			buildConfigurationList = 4308AD441B79B89100018030 /* Build configuration list for PBXProject "CoffeeFindr" */;
			compatibilityVersion = "Xcode 3.2";
			developmentRegion = English;
			hasScannedForEncodings = 0;
			knownRegions = (
				en,
				Base,
			);
			mainGroup = 4308AD401B79B89100018030;
			productRefGroup = 4308AD4A1B79B89100018030 /* Products */;
			projectDirPath = "";
			projectRoot = "";
			targets = (
				4308AD481B79B89100018030 /* CoffeeFindr */,
				4308AD611B79B89100018030 /* CoffeeFindrTests */,
			);
		};
/* End PBXProject section */

/* Begin PBXResourcesBuildPhase section */
		4308AD471B79B89100018030 /* Resources */ = {
			isa = PBXResourcesBuildPhase;
			buildActionMask = 2147483647;
			files = (
				4308AD581B79B89100018030 /* Main.storyboard in Resources */,
				4308AD5D1B79B89100018030 /* LaunchScreen.xib in Resources */,
				4308AD5A1B79B89100018030 /* Images.xcassets in Resources */,
			);
			runOnlyForDeploymentPostprocessing = 0;
		};
		4308AD601B79B89100018030 /* Resources */ = {
			isa = PBXResourcesBuildPhase;
			buildActionMask = 2147483647;
			files = (
			);
			runOnlyForDeploymentPostprocessing = 0;
		};
/* End PBXResourcesBuildPhase section */

/* Begin PBXSourcesBuildPhase section */
		4308AD451B79B89100018030 /* Sources */ = {
			isa = PBXSourcesBuildPhase;
			buildActionMask = 2147483647;
			files = (
				437E74F01B7BF7BD00DEE52E /* DetailViewController.m in Sources */,
				4308AD521B79B89100018030 /* AppDelegate.m in Sources */,
				4308AD7B1B79C0CD00018030 /* CoffeePlace.m in Sources */,
				4308AD4F1B79B89100018030 /* main.m in Sources */,
				4308AD741B79B8E800018030 /* ListViewController.m in Sources */,
			);
			runOnlyForDeploymentPostprocessing = 0;
		};
		4308AD5E1B79B89100018030 /* Sources */ = {
			isa = PBXSourcesBuildPhase;
			buildActionMask = 2147483647;
			files = (
				4308AD691B79B89100018030 /* CoffeeFindrTests.m in Sources */,
			);
			runOnlyForDeploymentPostprocessing = 0;
		};
/* End PBXSourcesBuildPhase section */

/* Begin PBXTargetDependency section */
		4308AD641B79B89100018030 /* PBXTargetDependency */ = {
			isa = PBXTargetDependency;
			target = 4308AD481B79B89100018030 /* CoffeeFindr */;
			targetProxy = 4308AD631B79B89100018030 /* PBXContainerItemProxy */;
		};
/* End PBXTargetDependency section */

/* Begin PBXVariantGroup section */
		4308AD561B79B89100018030 /* Main.storyboard */ = {
			isa = PBXVariantGroup;
			children = (
				4308AD571B79B89100018030 /* Base */,
			);
			name = Main.storyboard;
			sourceTree = "<group>";
		};
		4308AD5B1B79B89100018030 /* LaunchScreen.xib */ = {
			isa = PBXVariantGroup;
			children = (
				4308AD5C1B79B89100018030 /* Base */,
			);
			name = LaunchScreen.xib;
			sourceTree = "<group>";
		};
/* End PBXVariantGroup section */

/* Begin XCBuildConfiguration section */
		4308AD6A1B79B89100018030 /* Debug */ = {
			isa = XCBuildConfiguration;
			buildSettings = {
				ALWAYS_SEARCH_USER_PATHS = NO;
				CLANG_CXX_LANGUAGE_STANDARD = "gnu++0x";
				CLANG_CXX_LIBRARY = "libc++";
				CLANG_ENABLE_MODULES = YES;
				CLANG_ENABLE_OBJC_ARC = YES;
				CLANG_WARN_BOOL_CONVERSION = YES;
				CLANG_WARN_CONSTANT_CONVERSION = YES;
				CLANG_WARN_DIRECT_OBJC_ISA_USAGE = YES_ERROR;
				CLANG_WARN_EMPTY_BODY = YES;
				CLANG_WARN_ENUM_CONVERSION = YES;
				CLANG_WARN_INT_CONVERSION = YES;
				CLANG_WARN_OBJC_ROOT_CLASS = YES_ERROR;
				CLANG_WARN_UNREACHABLE_CODE = YES;
				CLANG_WARN__DUPLICATE_METHOD_MATCH = YES;
				"CODE_SIGN_IDENTITY[sdk=iphoneos*]" = "iPhone Developer";
				COPY_PHASE_STRIP = NO;
				DEBUG_INFORMATION_FORMAT = "dwarf-with-dsym";
				ENABLE_STRICT_OBJC_MSGSEND = YES;
				GCC_C_LANGUAGE_STANDARD = gnu99;
				GCC_DYNAMIC_NO_PIC = NO;
				GCC_NO_COMMON_BLOCKS = YES;
				GCC_OPTIMIZATION_LEVEL = 0;
				GCC_PREPROCESSOR_DEFINITIONS = (
					"DEBUG=1",
					"$(inherited)",
				);
				GCC_SYMBOLS_PRIVATE_EXTERN = NO;
				GCC_WARN_64_TO_32_BIT_CONVERSION = YES;
				GCC_WARN_ABOUT_RETURN_TYPE = YES_ERROR;
				GCC_WARN_UNDECLARED_SELECTOR = YES;
				GCC_WARN_UNINITIALIZED_AUTOS = YES_AGGRESSIVE;
				GCC_WARN_UNUSED_FUNCTION = YES;
				GCC_WARN_UNUSED_VARIABLE = YES;
				IPHONEOS_DEPLOYMENT_TARGET = 8.4;
				MTL_ENABLE_DEBUG_INFO = YES;
				ONLY_ACTIVE_ARCH = YES;
				SDKROOT = iphoneos;
				TARGETED_DEVICE_FAMILY = "1,2";
			};
			name = Debug;
		};
		4308AD6B1B79B89100018030 /* Release */ = {
			isa = XCBuildConfiguration;
			buildSettings = {
				ALWAYS_SEARCH_USER_PATHS = NO;
				CLANG_CXX_LANGUAGE_STANDARD = "gnu++0x";
				CLANG_CXX_LIBRARY = "libc++";
				CLANG_ENABLE_MODULES = YES;
				CLANG_ENABLE_OBJC_ARC = YES;
				CLANG_WARN_BOOL_CONVERSION = YES;
				CLANG_WARN_CONSTANT_CONVERSION = YES;
				CLANG_WARN_DIRECT_OBJC_ISA_USAGE = YES_ERROR;
				CLANG_WARN_EMPTY_BODY = YES;
				CLANG_WARN_ENUM_CONVERSION = YES;
				CLANG_WARN_INT_CONVERSION = YES;
				CLANG_WARN_OBJC_ROOT_CLASS = YES_ERROR;
				CLANG_WARN_UNREACHABLE_CODE = YES;
				CLANG_WARN__DUPLICATE_METHOD_MATCH = YES;
				"CODE_SIGN_IDENTITY[sdk=iphoneos*]" = "iPhone Developer";
				COPY_PHASE_STRIP = NO;
				DEBUG_INFORMATION_FORMAT = "dwarf-with-dsym";
				ENABLE_NS_ASSERTIONS = NO;
				ENABLE_STRICT_OBJC_MSGSEND = YES;
				GCC_C_LANGUAGE_STANDARD = gnu99;
				GCC_NO_COMMON_BLOCKS = YES;
				GCC_WARN_64_TO_32_BIT_CONVERSION = YES;
				GCC_WARN_ABOUT_RETURN_TYPE = YES_ERROR;
				GCC_WARN_UNDECLARED_SELECTOR = YES;
				GCC_WARN_UNINITIALIZED_AUTOS = YES_AGGRESSIVE;
				GCC_WARN_UNUSED_FUNCTION = YES;
				GCC_WARN_UNUSED_VARIABLE = YES;
				IPHONEOS_DEPLOYMENT_TARGET = 8.4;
				MTL_ENABLE_DEBUG_INFO = NO;
				SDKROOT = iphoneos;
				TARGETED_DEVICE_FAMILY = "1,2";
				VALIDATE_PRODUCT = YES;
			};
			name = Release;
		};
		4308AD6D1B79B89100018030 /* Debug */ = {
			isa = XCBuildConfiguration;
			buildSettings = {
				ASSETCATALOG_COMPILER_APPICON_NAME = AppIcon;
				INFOPLIST_FILE = CoffeeFindr/Info.plist;
				LD_RUNPATH_SEARCH_PATHS = "$(inherited) @executable_path/Frameworks";
				PRODUCT_NAME = "$(TARGET_NAME)";
				TARGETED_DEVICE_FAMILY = 1;
			};
			name = Debug;
		};
		4308AD6E1B79B89100018030 /* Release */ = {
			isa = XCBuildConfiguration;
			buildSettings = {
				ASSETCATALOG_COMPILER_APPICON_NAME = AppIcon;
				INFOPLIST_FILE = CoffeeFindr/Info.plist;
				LD_RUNPATH_SEARCH_PATHS = "$(inherited) @executable_path/Frameworks";
				PRODUCT_NAME = "$(TARGET_NAME)";
				TARGETED_DEVICE_FAMILY = 1;
			};
			name = Release;
		};
		4308AD701B79B89100018030 /* Debug */ = {
			isa = XCBuildConfiguration;
			buildSettings = {
				BUNDLE_LOADER = "$(TEST_HOST)";
				FRAMEWORK_SEARCH_PATHS = (
					"$(SDKROOT)/Developer/Library/Frameworks",
					"$(inherited)",
				);
				GCC_PREPROCESSOR_DEFINITIONS = (
					"DEBUG=1",
					"$(inherited)",
				);
				INFOPLIST_FILE = CoffeeFindrTests/Info.plist;
				LD_RUNPATH_SEARCH_PATHS = "$(inherited) @executable_path/Frameworks @loader_path/Frameworks";
				PRODUCT_NAME = "$(TARGET_NAME)";
				TEST_HOST = "$(BUILT_PRODUCTS_DIR)/CoffeeFindr.app/CoffeeFindr";
			};
			name = Debug;
		};
		4308AD711B79B89100018030 /* Release */ = {
			isa = XCBuildConfiguration;
			buildSettings = {
				BUNDLE_LOADER = "$(TEST_HOST)";
				FRAMEWORK_SEARCH_PATHS = (
					"$(SDKROOT)/Developer/Library/Frameworks",
					"$(inherited)",
				);
				INFOPLIST_FILE = CoffeeFindrTests/Info.plist;
				LD_RUNPATH_SEARCH_PATHS = "$(inherited) @executable_path/Frameworks @loader_path/Frameworks";
				PRODUCT_NAME = "$(TARGET_NAME)";
				TEST_HOST = "$(BUILT_PRODUCTS_DIR)/CoffeeFindr.app/CoffeeFindr";
			};
			name = Release;
		};
/* End XCBuildConfiguration section */

/* Begin XCConfigurationList section */
		4308AD441B79B89100018030 /* Build configuration list for PBXProject "CoffeeFindr" */ = {
			isa = XCConfigurationList;
			buildConfigurations = (
				4308AD6A1B79B89100018030 /* Debug */,
				4308AD6B1B79B89100018030 /* Release */,
			);
			defaultConfigurationIsVisible = 0;
			defaultConfigurationName = Release;
		};
		4308AD6C1B79B89100018030 /* Build configuration list for PBXNativeTarget "CoffeeFindr" */ = {
			isa = XCConfigurationList;
			buildConfigurations = (
				4308AD6D1B79B89100018030 /* Debug */,
				4308AD6E1B79B89100018030 /* Release */,
			);
			defaultConfigurationIsVisible = 0;
			defaultConfigurationName = Release;
		};
		4308AD6F1B79B89100018030 /* Build configuration list for PBXNativeTarget "CoffeeFindrTests" */ = {
			isa = XCConfigurationList;
			buildConfigurations = (
				4308AD701B79B89100018030 /* Debug */,
				4308AD711B79B89100018030 /* Release */,
			);
			defaultConfigurationIsVisible = 0;
			defaultConfigurationName = Release;
		};
/* End XCConfigurationList section */
	};
	rootObject = 4308AD411B79B89100018030 /* Project object */;
}
